
Microsoft Visual Studio Solution File, Format Version 12.00
# Visual Studio Version 17
VisualStudioVersion = 17.12.35527.113
MinimumVisualStudioVersion = 10.0.40219.1
Project("{FAE04EC0-301F-11D3-BF4B-00C04F79EFBC}") = "Backend", "Backend.csproj", "{B48D554D-8517-4F90-A713-930D94656698}"
EndProject
Project("{FAE04EC0-301F-11D3-BF4B-00C04F79EFBC}") = "API", "..\API\API.csproj", "{06379B0B-0BB7-4693-B7EC-8D5595EC3933}"
EndProject
Project("{FAE04EC0-301F-11D3-BF4B-00C04F79EFBC}") = "AccesoDatos", "..\AccesoDatos\AccesoDatos.csproj", "{5D711D3B-A9D7-4AA2-A1F3-A123AB47F9B7}"
EndProject
Global
	GlobalSection(SolutionConfigurationPlatforms) = preSolution
		Debug|Any CPU = Debug|Any CPU
		Release|Any CPU = Release|Any CPU
	EndGlobalSection
	GlobalSection(ProjectConfigurationPlatforms) = postSolution
		{B48D554D-8517-4F90-A713-930D94656698}.Debug|Any CPU.ActiveCfg = Debug|Any CPU
		{B48D554D-8517-4F90-A713-930D94656698}.Debug|Any CPU.Build.0 = Debug|Any CPU
		{B48D554D-8517-4F90-A713-930D94656698}.Release|Any CPU.ActiveCfg = Release|Any CPU
		{B48D554D-8517-4F90-A713-930D94656698}.Release|Any CPU.Build.0 = Release|Any CPU
		{06379B0B-0BB7-4693-B7EC-8D5595EC3933}.Debug|Any CPU.ActiveCfg = Debug|Any CPU
		{06379B0B-0BB7-4693-B7EC-8D5595EC3933}.Debug|Any CPU.Build.0 = Debug|Any CPU
		{06379B0B-0BB7-4693-B7EC-8D5595EC3933}.Release|Any CPU.ActiveCfg = Release|Any CPU
		{06379B0B-0BB7-4693-B7EC-8D5595EC3933}.Release|Any CPU.Build.0 = Release|Any CPU
		{5D711D3B-A9D7-4AA2-A1F3-A123AB47F9B7}.Debug|Any CPU.ActiveCfg = Debug|Any CPU
		{5D711D3B-A9D7-4AA2-A1F3-A123AB47F9B7}.Debug|Any CPU.Build.0 = Debug|Any CPU
		{5D711D3B-A9D7-4AA2-A1F3-A123AB47F9B7}.Release|Any CPU.ActiveCfg = Release|Any CPU
		{5D711D3B-A9D7-4AA2-A1F3-A123AB47F9B7}.Release|Any CPU.Build.0 = Release|Any CPU
	EndGlobalSection
	GlobalSection(SolutionProperties) = preSolution
		HideSolutionNode = FALSE
	EndGlobalSection
	GlobalSection(ExtensibilityGlobals) = postSolution
		SolutionGuid = {767B40C5-A9CF-45FE-AF31-35F1A971CC4A}
	EndGlobalSection
EndGlobal
